
Microsoft Visual Studio Solution File, Format Version 12.00
# Visual Studio Version 16
VisualStudioVersion = 16.0.28803.352
MinimumVisualStudioVersion = 10.0.40219.1
Project("{FAE04EC0-301F-11D3-BF4B-00C04F79EFBC}") = "TspServer", "TspServer\TspServer.csproj", "{36535A79-A9B4-456E-A466-7810EAD680BD}"
EndProject
Global
	GlobalSection(SolutionConfigurationPlatforms) = preSolution
		Debug|Any CPU = Debug|Any CPU
		Release|Any CPU = Release|Any CPU
	EndGlobalSection
	GlobalSection(ProjectConfigurationPlatforms) = postSolution
		{36535A79-A9B4-456E-A466-7810EAD680BD}.Debug|Any CPU.ActiveCfg = Debug|Any CPU
		{36535A79-A9B4-456E-A466-7810EAD680BD}.Debug|Any CPU.Build.0 = Debug|Any CPU
		{36535A79-A9B4-456E-A466-7810EAD680BD}.Release|Any CPU.ActiveCfg = Release|Any CPU
		{36535A79-A9B4-456E-A466-7810EAD680BD}.Release|Any CPU.Build.0 = Release|Any CPU
	EndGlobalSection
	GlobalSection(SolutionProperties) = preSolution
		HideSolutionNode = FALSE
	EndGlobalSection
	GlobalSection(ExtensibilityGlobals) = postSolution
		SolutionGuid = {D2E1081F-2E49-4A40-8D10-01E77ACCE99F}
	EndGlobalSection
EndGlobal
